// !$*UTF8*$!
{
	archiveVersion = 1;
	classes = {
	};
	objectVersion = 56;
	objects = {

/* Begin PBXBuildFile section */
		C03E4F2628F0A29000422297 /* MemoryGame_ViewModel.swift in Sources */ = {isa = PBXBuildFile; fileRef = C03E4F2528F0A29000422297 /* MemoryGame_ViewModel.swift */; };
		C03E4F2828F0A2C100422297 /* MemoryGame_Model.swift in Sources */ = {isa = PBXBuildFile; fileRef = C03E4F2728F0A2C100422297 /* MemoryGame_Model.swift */; };
		C0EDB5FF28EFDF0E0038AE29 /* Memory_GameApp.swift in Sources */ = {isa = PBXBuildFile; fileRef = C0EDB5FE28EFDF0E0038AE29 /* Memory_GameApp.swift */; };
		C0EDB60128EFDF0E0038AE29 /* ContentView.swift in Sources */ = {isa = PBXBuildFile; fileRef = C0EDB60028EFDF0E0038AE29 /* ContentView.swift */; };
		C0EDB60328EFDF100038AE29 /* Assets.xcassets in Resources */ = {isa = PBXBuildFile; fileRef = C0EDB60228EFDF100038AE29 /* Assets.xcassets */; };
		C0EDB60628EFDF100038AE29 /* Preview Assets.xcassets in Resources */ = {isa = PBXBuildFile; fileRef = C0EDB60528EFDF100038AE29 /* Preview Assets.xcassets */; };
		C0F4FBEF28F60E3200B61982 /* README.txt in Resources */ = {isa = PBXBuildFile; fileRef = C0F4FBEE28F60E3200B61982 /* README.txt */; };
/* End PBXBuildFile section */

/* Begin PBXFileReference section */
		C03E4F2528F0A29000422297 /* MemoryGame_ViewModel.swift */ = {isa = PBXFileReference; lastKnownFileType = sourcecode.swift; path = MemoryGame_ViewModel.swift; sourceTree = "<group>"; };
		C03E4F2728F0A2C100422297 /* MemoryGame_Model.swift */ = {isa = PBXFileReference; lastKnownFileType = sourcecode.swift; path = MemoryGame_Model.swift; sourceTree = "<group>"; };
		C0EDB5FB28EFDF0E0038AE29 /* Memory_Game.app */ = {isa = PBXFileReference; explicitFileType = wrapper.application; includeInIndex = 0; path = Memory_Game.app; sourceTree = BUILT_PRODUCTS_DIR; };
		C0EDB5FE28EFDF0E0038AE29 /* Memory_GameApp.swift */ = {isa = PBXFileReference; lastKnownFileType = sourcecode.swift; path = Memory_GameApp.swift; sourceTree = "<group>"; };
		C0EDB60028EFDF0E0038AE29 /* ContentView.swift */ = {isa = PBXFileReference; lastKnownFileType = sourcecode.swift; path = ContentView.swift; sourceTree = "<group>"; };
		C0EDB60228EFDF100038AE29 /* Assets.xcassets */ = {isa = PBXFileReference; lastKnownFileType = folder.assetcatalog; path = Assets.xcassets; sourceTree = "<group>"; };
		C0EDB60528EFDF100038AE29 /* Preview Assets.xcassets */ = {isa = PBXFileReference; lastKnownFileType = folder.assetcatalog; path = "Preview Assets.xcassets"; sourceTree = "<group>"; };
		C0F4FBEE28F60E3200B61982 /* README.txt */ = {isa = PBXFileReference; lastKnownFileType = text; path = README.txt; sourceTree = "<group>"; };
/* End PBXFileReference section */

/* Begin PBXFrameworksBuildPhase section */
		C0EDB5F828EFDF0E0038AE29 /* Frameworks */ = {
			isa = PBXFrameworksBuildPhase;
			buildActionMask = 2147483647;
			files = (
			);
			runOnlyForDeploymentPostprocessing = 0;
		};
/* End PBXFrameworksBuildPhase section */

/* Begin PBXGroup section */
		C0EDB5F228EFDF0E0038AE29 = {
			isa = PBXGroup;
			children = (
				C0EDB5FD28EFDF0E0038AE29 /* Memory_Game */,
				C0EDB5FC28EFDF0E0038AE29 /* Products */,
			);
			sourceTree = "<group>";
		};
		C0EDB5FC28EFDF0E0038AE29 /* Products */ = {
			isa = PBXGroup;
			children = (
				C0EDB5FB28EFDF0E0038AE29 /* Memory_Game.app */,
			);
			name = Products;
			sourceTree = "<group>";
		};
		C0EDB5FD28EFDF0E0038AE29 /* Memory_Game */ = {
			isa = PBXGroup;
			children = (
				C0EDB5FE28EFDF0E0038AE29 /* Memory_GameApp.swift */,
				C0EDB60028EFDF0E0038AE29 /* ContentView.swift */,
				C0F4FBEE28F60E3200B61982 /* README.txt */,
				C03E4F2528F0A29000422297 /* MemoryGame_ViewModel.swift */,
				C03E4F2728F0A2C100422297 /* MemoryGame_Model.swift */,
				C0EDB60228EFDF100038AE29 /* Assets.xcassets */,
				C0EDB60428EFDF100038AE29 /* Preview Content */,
			);
			path = Memory_Game;
			sourceTree = "<group>";
		};
		C0EDB60428EFDF100038AE29 /* Preview Content */ = {
			isa = PBXGroup;
			children = (
				C0EDB60528EFDF100038AE29 /* Preview Assets.xcassets */,
			);
			path = "Preview Content";
			sourceTree = "<group>";
		};
/* End PBXGroup section */

/* Begin PBXNativeTarget section */
		C0EDB5FA28EFDF0E0038AE29 /* Memory_Game */ = {
			isa = PBXNativeTarget;
			buildConfigurationList = C0EDB60928EFDF100038AE29 /* Build configuration list for PBXNativeTarget "Memory_Game" */;
			buildPhases = (
				C0EDB5F728EFDF0E0038AE29 /* Sources */,
				C0EDB5F828EFDF0E0038AE29 /* Frameworks */,
				C0EDB5F928EFDF0E0038AE29 /* Resources */,
			);
			buildRules = (
			);
			dependencies = (
			);
			name = Memory_Game;
			productName = Memory_Game;
			productReference = C0EDB5FB28EFDF0E0038AE29 /* Memory_Game.app */;
			productType = "com.apple.product-type.application";
		};
/* End PBXNativeTarget section */

/* Begin PBXProject section */
		C0EDB5F328EFDF0E0038AE29 /* Project object */ = {
			isa = PBXProject;
			attributes = {
				BuildIndependentTargetsInParallel = 1;
				LastSwiftUpdateCheck = 1400;
				LastUpgradeCheck = 1400;
				TargetAttributes = {
					C0EDB5FA28EFDF0E0038AE29 = {
						CreatedOnToolsVersion = 14.0;
					};
				};
			};
			buildConfigurationList = C0EDB5F628EFDF0E0038AE29 /* Build configuration list for PBXProject "Memory_Game" */;
			compatibilityVersion = "Xcode 14.0";
			developmentRegion = en;
			hasScannedForEncodings = 0;
			knownRegions = (
				en,
				Base,
			);
			mainGroup = C0EDB5F228EFDF0E0038AE29;
			productRefGroup = C0EDB5FC28EFDF0E0038AE29 /* Products */;
			projectDirPath = "";
			projectRoot = "";
			targets = (
				C0EDB5FA28EFDF0E0038AE29 /* Memory_Game */,
			);
		};
/* End PBXProject section */

/* Begin PBXResourcesBuildPhase section */
		C0EDB5F928EFDF0E0038AE29 /* Resources */ = {
			isa = PBXResourcesBuildPhase;
			buildActionMask = 2147483647;
			files = (
				C0EDB60628EFDF100038AE29 /* Preview Assets.xcassets in Resources */,
				C0F4FBEF28F60E3200B61982 /* README.txt in Resources */,
				C0EDB60328EFDF100038AE29 /* Assets.xcassets in Resources */,
			);
			runOnlyForDeploymentPostprocessing = 0;
		};
/* End PBXResourcesBuildPhase section */

/* Begin PBXSourcesBuildPhase section */
		C0EDB5F728EFDF0E0038AE29 /* Sources */ = {
			isa = PBXSourcesBuildPhase;
			buildActionMask = 2147483647;
			files = (
				C03E4F2828F0A2C100422297 /* MemoryGame_Model.swift in Sources */,
				C03E4F2628F0A29000422297 /* MemoryGame_ViewModel.swift in Sources */,
				C0EDB60128EFDF0E0038AE29 /* ContentView.swift in Sources */,
				C0EDB5FF28EFDF0E0038AE29 /* Memory_GameApp.swift in Sources */,
			);
			runOnlyForDeploymentPostprocessing = 0;
		};
/* End PBXSourcesBuildPhase section */

/* Begin XCBuildConfiguration section */
		C0EDB60728EFDF100038AE29 /* Debug */ = {
			isa = XCBuildConfiguration;
			buildSettings = {
				ALWAYS_SEARCH_USER_PATHS = NO;
				CLANG_ANALYZER_NONNULL = YES;
				CLANG_ANALYZER_NUMBER_OBJECT_CONVERSION = YES_AGGRESSIVE;
				CLANG_CXX_LANGUAGE_STANDARD = "gnu++20";
				CLANG_ENABLE_MODULES = YES;
				CLANG_ENABLE_OBJC_ARC = YES;
				CLANG_ENABLE_OBJC_WEAK = YES;
				CLANG_WARN_BLOCK_CAPTURE_AUTORELEASING = YES;
				CLANG_WARN_BOOL_CONVERSION = YES;
				CLANG_WARN_COMMA = YES;
				CLANG_WARN_CONSTANT_CONVERSION = YES;
				CLANG_WARN_DEPRECATED_OBJC_IMPLEMENTATIONS = YES;
				CLANG_WARN_DIRECT_OBJC_ISA_USAGE = YES_ERROR;
				CLANG_WARN_DOCUMENTATION_COMMENTS = YES;
				CLANG_WARN_EMPTY_BODY = YES;
				CLANG_WARN_ENUM_CONVERSION = YES;
				CLANG_WARN_INFINITE_RECURSION = YES;
				CLANG_WARN_INT_CONVERSION = YES;
				CLANG_WARN_NON_LITERAL_NULL_CONVERSION = YES;
				CLANG_WARN_OBJC_IMPLICIT_RETAIN_SELF = YES;
				CLANG_WARN_OBJC_LITERAL_CONVERSION = YES;
				CLANG_WARN_OBJC_ROOT_CLASS = YES_ERROR;
				CLANG_WARN_QUOTED_INCLUDE_IN_FRAMEWORK_HEADER = YES;
				CLANG_WARN_RANGE_LOOP_ANALYSIS = YES;
				CLANG_WARN_STRICT_PROTOTYPES = YES;
				CLANG_WARN_SUSPICIOUS_MOVE = YES;
				CLANG_WARN_UNGUARDED_AVAILABILITY = YES_AGGRESSIVE;
				CLANG_WARN_UNREACHABLE_CODE = YES;
				CLANG_WARN__DUPLICATE_METHOD_MATCH = YES;
				COPY_PHASE_STRIP = NO;
				DEBUG_INFORMATION_FORMAT = dwarf;
				ENABLE_STRICT_OBJC_MSGSEND = YES;
				ENABLE_TESTABILITY = YES;
				GCC_C_LANGUAGE_STANDARD = gnu11;
				GCC_DYNAMIC_NO_PIC = NO;
				GCC_NO_COMMON_BLOCKS = YES;
				GCC_OPTIMIZATION_LEVEL = 0;
				GCC_PREPROCESSOR_DEFINITIONS = (
					"DEBUG=1",
					"$(inherited)",
				);
				GCC_WARN_64_TO_32_BIT_CONVERSION = YES;
				GCC_WARN_ABOUT_RETURN_TYPE = YES_ERROR;
				GCC_WARN_UNDECLARED_SELECTOR = YES;
				GCC_WARN_UNINITIALIZED_AUTOS = YES_AGGRESSIVE;
				GCC_WARN_UNUSED_FUNCTION = YES;
				GCC_WARN_UNUSED_VARIABLE = YES;
				IPHONEOS_DEPLOYMENT_TARGET = 16.0;
				MTL_ENABLE_DEBUG_INFO = INCLUDE_SOURCE;
				MTL_FAST_MATH = YES;
				ONLY_ACTIVE_ARCH = YES;
				SDKROOT = iphoneos;
				SWIFT_ACTIVE_COMPILATION_CONDITIONS = DEBUG;
				SWIFT_OPTIMIZATION_LEVEL = "-Onone";
			};
			name = Debug;
		};
		C0EDB60828EFDF100038AE29 /* Release */ = {
			isa = XCBuildConfiguration;
			buildSettings = {
				ALWAYS_SEARCH_USER_PATHS = NO;
				CLANG_ANALYZER_NONNULL = YES;
				CLANG_ANALYZER_NUMBER_OBJECT_CONVERSION = YES_AGGRESSIVE;
				CLANG_CXX_LANGUAGE_STANDARD = "gnu++20";
				CLANG_ENABLE_MODULES = YES;
				CLANG_ENABLE_OBJC_ARC = YES;
				CLANG_ENABLE_OBJC_WEAK = YES;
				CLANG_WARN_BLOCK_CAPTURE_AUTORELEASING = YES;
				CLANG_WARN_BOOL_CONVERSION = YES;
				CLANG_WARN_COMMA = YES;
				CLANG_WARN_CONSTANT_CONVERSION = YES;
				CLANG_WARN_DEPRECATED_OBJC_IMPLEMENTATIONS = YES;
				CLANG_WARN_DIRECT_OBJC_ISA_USAGE = YES_ERROR;
				CLANG_WARN_DOCUMENTATION_COMMENTS = YES;
				CLANG_WARN_EMPTY_BODY = YES;
				CLANG_WARN_ENUM_CONVERSION = YES;
				CLANG_WARN_INFINITE_RECURSION = YES;
				CLANG_WARN_INT_CONVERSION = YES;
				CLANG_WARN_NON_LITERAL_NULL_CONVERSION = YES;
				CLANG_WARN_OBJC_IMPLICIT_RETAIN_SELF = YES;
				CLANG_WARN_OBJC_LITERAL_CONVERSION = YES;
				CLANG_WARN_OBJC_ROOT_CLASS = YES_ERROR;
				CLANG_WARN_QUOTED_INCLUDE_IN_FRAMEWORK_HEADER = YES;
				CLANG_WARN_RANGE_LOOP_ANALYSIS = YES;
				CLANG_WARN_STRICT_PROTOTYPES = YES;
				CLANG_WARN_SUSPICIOUS_MOVE = YES;
				CLANG_WARN_UNGUARDED_AVAILABILITY = YES_AGGRESSIVE;
				CLANG_WARN_UNREACHABLE_CODE = YES;
				CLANG_WARN__DUPLICATE_METHOD_MATCH = YES;
				COPY_PHASE_STRIP = NO;
				DEBUG_INFORMATION_FORMAT = "dwarf-with-dsym";
				ENABLE_NS_ASSERTIONS = NO;
				ENABLE_STRICT_OBJC_MSGSEND = YES;
				GCC_C_LANGUAGE_STANDARD = gnu11;
				GCC_NO_COMMON_BLOCKS = YES;
				GCC_WARN_64_TO_32_BIT_CONVERSION = YES;
				GCC_WARN_ABOUT_RETURN_TYPE = YES_ERROR;
				GCC_WARN_UNDECLARED_SELECTOR = YES;
				GCC_WARN_UNINITIALIZED_AUTOS = YES_AGGRESSIVE;
				GCC_WARN_UNUSED_FUNCTION = YES;
				GCC_WARN_UNUSED_VARIABLE = YES;
				IPHONEOS_DEPLOYMENT_TARGET = 16.0;
				MTL_ENABLE_DEBUG_INFO = NO;
				MTL_FAST_MATH = YES;
				SDKROOT = iphoneos;
				SWIFT_COMPILATION_MODE = wholemodule;
				SWIFT_OPTIMIZATION_LEVEL = "-O";
				VALIDATE_PRODUCT = YES;
			};
			name = Release;
		};
		C0EDB60A28EFDF100038AE29 /* Debug */ = {
			isa = XCBuildConfiguration;
			buildSettings = {
				ASSETCATALOG_COMPILER_APPICON_NAME = AppIcon;
				ASSETCATALOG_COMPILER_GLOBAL_ACCENT_COLOR_NAME = AccentColor;
				CODE_SIGN_STYLE = Automatic;
				CURRENT_PROJECT_VERSION = 1;
				DEVELOPMENT_ASSET_PATHS = "\"Memory_Game/Preview Content\"";
				DEVELOPMENT_TEAM = G7489JNY4B;
				ENABLE_PREVIEWS = YES;
				GENERATE_INFOPLIST_FILE = YES;
				INFOPLIST_KEY_UIApplicationSceneManifest_Generation = YES;
				INFOPLIST_KEY_UIApplicationSupportsIndirectInputEvents = YES;
				INFOPLIST_KEY_UILaunchScreen_Generation = YES;
				INFOPLIST_KEY_UISupportedInterfaceOrientations_iPad = "UIInterfaceOrientationPortrait UIInterfaceOrientationPortraitUpsideDown UIInterfaceOrientationLandscapeLeft UIInterfaceOrientationLandscapeRight";
				INFOPLIST_KEY_UISupportedInterfaceOrientations_iPhone = "UIInterfaceOrientationPortrait UIInterfaceOrientationLandscapeLeft UIInterfaceOrientationLandscapeRight";
				LD_RUNPATH_SEARCH_PATHS = (
					"$(inherited)",
					"@executable_path/Frameworks",
				);
				MARKETING_VERSION = 1.0;
				PRODUCT_BUNDLE_IDENTIFIER = "com.gmail.rfrias8.Memory-Game";
				PRODUCT_NAME = "$(TARGET_NAME)";
				SWIFT_EMIT_LOC_STRINGS = YES;
				SWIFT_VERSION = 5.0;
				TARGETED_DEVICE_FAMILY = "1,2";
			};
			name = Debug;
		};
		C0EDB60B28EFDF100038AE29 /* Release */ = {
			isa = XCBuildConfiguration;
			buildSettings = {
				ASSETCATALOG_COMPILER_APPICON_NAME = AppIcon;
				ASSETCATALOG_COMPILER_GLOBAL_ACCENT_COLOR_NAME = AccentColor;
				CODE_SIGN_STYLE = Automatic;
				CURRENT_PROJECT_VERSION = 1;
				DEVELOPMENT_ASSET_PATHS = "\"Memory_Game/Preview Content\"";
				DEVELOPMENT_TEAM = G7489JNY4B;
				ENABLE_PREVIEWS = YES;
				GENERATE_INFOPLIST_FILE = YES;
				INFOPLIST_KEY_UIApplicationSceneManifest_Generation = YES;
				INFOPLIST_KEY_UIApplicationSupportsIndirectInputEvents = YES;
				INFOPLIST_KEY_UILaunchScreen_Generation = YES;
				INFOPLIST_KEY_UISupportedInterfaceOrientations_iPad = "UIInterfaceOrientationPortrait UIInterfaceOrientationPortraitUpsideDown UIInterfaceOrientationLandscapeLeft UIInterfaceOrientationLandscapeRight";
				INFOPLIST_KEY_UISupportedInterfaceOrientations_iPhone = "UIInterfaceOrientationPortrait UIInterfaceOrientationLandscapeLeft UIInterfaceOrientationLandscapeRight";
				LD_RUNPATH_SEARCH_PATHS = (
					"$(inherited)",
					"@executable_path/Frameworks",
				);
				MARKETING_VERSION = 1.0;
				PRODUCT_BUNDLE_IDENTIFIER = "com.gmail.rfrias8.Memory-Game";
				PRODUCT_NAME = "$(TARGET_NAME)";
				SWIFT_EMIT_LOC_STRINGS = YES;
				SWIFT_VERSION = 5.0;
				TARGETED_DEVICE_FAMILY = "1,2";
			};
			name = Release;
		};
/* End XCBuildConfiguration section */

/* Begin XCConfigurationList section */
		C0EDB5F628EFDF0E0038AE29 /* Build configuration list for PBXProject "Memory_Game" */ = {
			isa = XCConfigurationList;
			buildConfigurations = (
				C0EDB60728EFDF100038AE29 /* Debug */,
				C0EDB60828EFDF100038AE29 /* Release */,
			);
			defaultConfigurationIsVisible = 0;
			defaultConfigurationName = Release;
		};
		C0EDB60928EFDF100038AE29 /* Build configuration list for PBXNativeTarget "Memory_Game" */ = {
			isa = XCConfigurationList;
			buildConfigurations = (
				C0EDB60A28EFDF100038AE29 /* Debug */,
				C0EDB60B28EFDF100038AE29 /* Release */,
			);
			defaultConfigurationIsVisible = 0;
			defaultConfigurationName = Release;
		};
/* End XCConfigurationList section */
	};
	rootObject = C0EDB5F328EFDF0E0038AE29 /* Project object */;
}
